
Microsoft Visual Studio Solution File, Format Version 12.00
# Visual Studio Version 16
VisualStudioVersion = 16.0.30611.23
MinimumVisualStudioVersion = 10.0.40219.1
Project("{FAE04EC0-301F-11D3-BF4B-00C04F79EFBC}") = "lab_1", "lab_1\lab_1.csproj", "{0B7F0A82-CB2D-4846-ADE0-24CC311F7700}"
EndProject
Global
	GlobalSection(SolutionConfigurationPlatforms) = preSolution
		Debug|Any CPU = Debug|Any CPU
		Release|Any CPU = Release|Any CPU
	EndGlobalSection
	GlobalSection(ProjectConfigurationPlatforms) = postSolution
		{0B7F0A82-CB2D-4846-ADE0-24CC311F7700}.Debug|Any CPU.ActiveCfg = Debug|Any CPU
		{0B7F0A82-CB2D-4846-ADE0-24CC311F7700}.Debug|Any CPU.Build.0 = Debug|Any CPU
		{0B7F0A82-CB2D-4846-ADE0-24CC311F7700}.Release|Any CPU.ActiveCfg = Release|Any CPU
		{0B7F0A82-CB2D-4846-ADE0-24CC311F7700}.Release|Any CPU.Build.0 = Release|Any CPU
	EndGlobalSection
	GlobalSection(SolutionProperties) = preSolution
		HideSolutionNode = FALSE
	EndGlobalSection
	GlobalSection(ExtensibilityGlobals) = postSolution
		SolutionGuid = {6D4E174F-C58A-475B-98B1-91103A390787}
	EndGlobalSection
EndGlobal
